dependencies:
  espressif/asio:
    component_hash: 3cf486ada17eca189ad68be1e8c5dfe757df5baa6dfd42c97872f950d559ae74
    dependencies:
    - name: espressif/sock_utils
      registry_url: https://components.espressif.com
      require: private
      version: ^0.1
    - name: idf
      require: private
      version: '>=5.0'
    source:
      registry_url: https://components.espressif.com/
      type: service
    version: 1.32.0~2
  espressif/sock_utils:
    component_hash: 8188e758451f5cdf2b8d11205237986dd85760662f325132d1cd173fc081c988
    dependencies:
    - name: idf
      require: private
      version: '>=5.0'
    source:
      registry_url: https://components.espressif.com
      type: service
    version: 0.1.0
  idf:
    source:
      type: idf
    version: 5.5.0
direct_dependencies:
- espressif/asio
- idf
manifest_hash: ebc68841e98ac89777b7d3ba6a0d69567b3825f6a2fd5d1b22f49e3854757af6
target: esp32c3
version: 2.0.0
